
Microsoft Visual Studio Solution File, Format Version 11.00
# Visual Studio 2010
Project("{FAE04EC0-301F-11D3-BF4B-00C04F79EFBC}") = "猜大小", "猜大小\猜大小.csproj", "{B96D702B-31E9-49F5-9E55-28A8AD97D21D}"
EndProject
Global
	GlobalSection(SolutionConfigurationPlatforms) = preSolution
		Debug|x86 = Debug|x86
		Release|x86 = Release|x86
	EndGlobalSection
	GlobalSection(ProjectConfigurationPlatforms) = postSolution
		{B96D702B-31E9-49F5-9E55-28A8AD97D21D}.Debug|x86.ActiveCfg = Debug|x86
		{B96D702B-31E9-49F5-9E55-28A8AD97D21D}.Debug|x86.Build.0 = Debug|x86
		{B96D702B-31E9-49F5-9E55-28A8AD97D21D}.Release|x86.ActiveCfg = Release|x86
		{B96D702B-31E9-49F5-9E55-28A8AD97D21D}.Release|x86.Build.0 = Release|x86
	EndGlobalSection
	GlobalSection(SolutionProperties) = preSolution
		HideSolutionNode = FALSE
	EndGlobalSection
EndGlobal
