
Microsoft Visual Studio Solution File, Format Version 11.00
# Visual Studio 2010
Project("{FAE04EC0-301F-11D3-BF4B-00C04F79EFBC}") = "MY APP8", "MY APP8\MY APP8.csproj", "{A04AF47F-EFFC-4682-A25B-CFFE67408522}"
EndProject
Global
	GlobalSection(SolutionConfigurationPlatforms) = preSolution
		Debug|x86 = Debug|x86
		Release|x86 = Release|x86
	EndGlobalSection
	GlobalSection(ProjectConfigurationPlatforms) = postSolution
		{A04AF47F-EFFC-4682-A25B-CFFE67408522}.Debug|x86.ActiveCfg = Debug|x86
		{A04AF47F-EFFC-4682-A25B-CFFE67408522}.Debug|x86.Build.0 = Debug|x86
		{A04AF47F-EFFC-4682-A25B-CFFE67408522}.Release|x86.ActiveCfg = Release|x86
		{A04AF47F-EFFC-4682-A25B-CFFE67408522}.Release|x86.Build.0 = Release|x86
	EndGlobalSection
	GlobalSection(SolutionProperties) = preSolution
		HideSolutionNode = FALSE
	EndGlobalSection
EndGlobal
